
Microsoft Visual Studio Solution File, Format Version 12.00
# Visual Studio Version 17
VisualStudioVersion = 17.8.34330.188
MinimumVisualStudioVersion = 10.0.40219.1
Project("{888888A0-9F3D-457C-B088-3A5042F75D52}") = "СЯП 6.5.6.1", "СЯП 6.5.6.1.pyproj", "{6760E353-4FBB-49B2-A1F1-2677EC23416D}"
EndProject
Global
	GlobalSection(SolutionConfigurationPlatforms) = preSolution
		Debug|Any CPU = Debug|Any CPU
		Release|Any CPU = Release|Any CPU
	EndGlobalSection
	GlobalSection(ProjectConfigurationPlatforms) = postSolution
		{6760E353-4FBB-49B2-A1F1-2677EC23416D}.Debug|Any CPU.ActiveCfg = Debug|Any CPU
		{6760E353-4FBB-49B2-A1F1-2677EC23416D}.Release|Any CPU.ActiveCfg = Release|Any CPU
	EndGlobalSection
	GlobalSection(SolutionProperties) = preSolution
		HideSolutionNode = FALSE
	EndGlobalSection
	GlobalSection(ExtensibilityGlobals) = postSolution
		SolutionGuid = {8F3082A6-353D-4BE0-9226-8CF2239F084F}
	EndGlobalSection
EndGlobal
