
Microsoft Visual Studio Solution File, Format Version 12.00
# Visual Studio Version 17
VisualStudioVersion = 17.8.34330.188
MinimumVisualStudioVersion = 10.0.40219.1
Project("{888888A0-9F3D-457C-B088-3A5042F75D52}") = "СЯМ 6.3.10", "СЯМ 6.3.10.pyproj", "{DF0E1095-BA5F-4092-A0D4-FBFB02F10F26}"
EndProject
Global
	GlobalSection(SolutionConfigurationPlatforms) = preSolution
		Debug|Any CPU = Debug|Any CPU
		Release|Any CPU = Release|Any CPU
	EndGlobalSection
	GlobalSection(ProjectConfigurationPlatforms) = postSolution
		{DF0E1095-BA5F-4092-A0D4-FBFB02F10F26}.Debug|Any CPU.ActiveCfg = Debug|Any CPU
		{DF0E1095-BA5F-4092-A0D4-FBFB02F10F26}.Release|Any CPU.ActiveCfg = Release|Any CPU
	EndGlobalSection
	GlobalSection(SolutionProperties) = preSolution
		HideSolutionNode = FALSE
	EndGlobalSection
	GlobalSection(ExtensibilityGlobals) = postSolution
		SolutionGuid = {CD5B83A6-DDA5-42D4-AF92-068A6B06F31A}
	EndGlobalSection
EndGlobal
