
Microsoft Visual Studio Solution File, Format Version 12.00
# Visual Studio Version 17
VisualStudioVersion = 17.8.34330.188
MinimumVisualStudioVersion = 10.0.40219.1
Project("{888888A0-9F3D-457C-B088-3A5042F75D52}") = "СЯП 7.1.3.2", "СЯП 7.1.3.2.pyproj", "{C75F3EDE-2C81-4164-90A9-0F9BD210F8FD}"
EndProject
Global
	GlobalSection(SolutionConfigurationPlatforms) = preSolution
		Debug|Any CPU = Debug|Any CPU
		Release|Any CPU = Release|Any CPU
	EndGlobalSection
	GlobalSection(ProjectConfigurationPlatforms) = postSolution
		{C75F3EDE-2C81-4164-90A9-0F9BD210F8FD}.Debug|Any CPU.ActiveCfg = Debug|Any CPU
		{C75F3EDE-2C81-4164-90A9-0F9BD210F8FD}.Release|Any CPU.ActiveCfg = Release|Any CPU
	EndGlobalSection
	GlobalSection(SolutionProperties) = preSolution
		HideSolutionNode = FALSE
	EndGlobalSection
	GlobalSection(ExtensibilityGlobals) = postSolution
		SolutionGuid = {A4D736C6-B20A-48A3-A207-6C01AD12D8D9}
	EndGlobalSection
EndGlobal
