
Microsoft Visual Studio Solution File, Format Version 12.00
# Visual Studio Version 17
VisualStudioVersion = 17.8.34330.188
MinimumVisualStudioVersion = 10.0.40219.1
Project("{888888A0-9F3D-457C-B088-3A5042F75D52}") = "СЯП 7.2.11.1", "СЯП 7.2.11.1.pyproj", "{BDDEF710-A1E3-46BA-A7F1-9395252A0667}"
EndProject
Global
	GlobalSection(SolutionConfigurationPlatforms) = preSolution
		Debug|Any CPU = Debug|Any CPU
		Release|Any CPU = Release|Any CPU
	EndGlobalSection
	GlobalSection(ProjectConfigurationPlatforms) = postSolution
		{BDDEF710-A1E3-46BA-A7F1-9395252A0667}.Debug|Any CPU.ActiveCfg = Debug|Any CPU
		{BDDEF710-A1E3-46BA-A7F1-9395252A0667}.Release|Any CPU.ActiveCfg = Release|Any CPU
	EndGlobalSection
	GlobalSection(SolutionProperties) = preSolution
		HideSolutionNode = FALSE
	EndGlobalSection
	GlobalSection(ExtensibilityGlobals) = postSolution
		SolutionGuid = {61F7EA92-0786-4273-BCAC-C4CD678227DF}
	EndGlobalSection
EndGlobal
